
Microsoft Visual Studio Solution File, Format Version 12.00
# Visual Studio Version 17
VisualStudioVersion = 17.0.32014.148
MinimumVisualStudioVersion = 10.0.40219.1
Project("{9A19103F-16F7-4668-BE54-9A1E7A4F7556}") = "HackerNews", "HackerNews.csproj", "{7FE7A58D-C7AC-4F04-ACCA-4DB90606F574}"
EndProject
Project("{FAE04EC0-301F-11D3-BF4B-00C04F79EFBC}") = "HackerNewsTests", "..\HackerNewsTests\HackerNewsTests.csproj", "{03FB34A3-891B-4F8A-9778-2E3A532ADB88}"
EndProject
Global
	GlobalSection(SolutionConfigurationPlatforms) = preSolution
		Debug|Any CPU = Debug|Any CPU
		Release|Any CPU = Release|Any CPU
	EndGlobalSection
	GlobalSection(ProjectConfigurationPlatforms) = postSolution
		{7FE7A58D-C7AC-4F04-ACCA-4DB90606F574}.Debug|Any CPU.ActiveCfg = Debug|Any CPU
		{7FE7A58D-C7AC-4F04-ACCA-4DB90606F574}.Debug|Any CPU.Build.0 = Debug|Any CPU
		{7FE7A58D-C7AC-4F04-ACCA-4DB90606F574}.Release|Any CPU.ActiveCfg = Release|Any CPU
		{7FE7A58D-C7AC-4F04-ACCA-4DB90606F574}.Release|Any CPU.Build.0 = Release|Any CPU
		{03FB34A3-891B-4F8A-9778-2E3A532ADB88}.Debug|Any CPU.ActiveCfg = Debug|Any CPU
		{03FB34A3-891B-4F8A-9778-2E3A532ADB88}.Debug|Any CPU.Build.0 = Debug|Any CPU
		{03FB34A3-891B-4F8A-9778-2E3A532ADB88}.Release|Any CPU.ActiveCfg = Release|Any CPU
		{03FB34A3-891B-4F8A-9778-2E3A532ADB88}.Release|Any CPU.Build.0 = Release|Any CPU
	EndGlobalSection
	GlobalSection(SolutionProperties) = preSolution
		HideSolutionNode = FALSE
	EndGlobalSection
	GlobalSection(ExtensibilityGlobals) = postSolution
		SolutionGuid = {DEFBF344-69E2-4102-90BE-72FD35E045A6}
	EndGlobalSection
EndGlobal
